
Microsoft Visual Studio Solution File, Format Version 12.00
Project("{FAE04EC0-301F-11D3-BF4B-00C04F79EFBC}") = "WebApi", "WebApi\WebApi.csproj", "{D01C5BA8-4B70-4DB6-9225-A0219D215235}"
EndProject
Project("{FAE04EC0-301F-11D3-BF4B-00C04F79EFBC}") = "Domain", "Domain\Domain.csproj", "{737B6E0D-FC15-4098-8740-3547DFBDCC66}"
EndProject
Global
	GlobalSection(SolutionConfigurationPlatforms) = preSolution
		Debug|Any CPU = Debug|Any CPU
		Release|Any CPU = Release|Any CPU
	EndGlobalSection
	GlobalSection(ProjectConfigurationPlatforms) = postSolution
		{D01C5BA8-4B70-4DB6-9225-A0219D215235}.Debug|Any CPU.ActiveCfg = Debug|Any CPU
		{D01C5BA8-4B70-4DB6-9225-A0219D215235}.Debug|Any CPU.Build.0 = Debug|Any CPU
		{D01C5BA8-4B70-4DB6-9225-A0219D215235}.Release|Any CPU.ActiveCfg = Release|Any CPU
		{D01C5BA8-4B70-4DB6-9225-A0219D215235}.Release|Any CPU.Build.0 = Release|Any CPU
		{737B6E0D-FC15-4098-8740-3547DFBDCC66}.Debug|Any CPU.ActiveCfg = Debug|Any CPU
		{737B6E0D-FC15-4098-8740-3547DFBDCC66}.Debug|Any CPU.Build.0 = Debug|Any CPU
		{737B6E0D-FC15-4098-8740-3547DFBDCC66}.Release|Any CPU.ActiveCfg = Release|Any CPU
		{737B6E0D-FC15-4098-8740-3547DFBDCC66}.Release|Any CPU.Build.0 = Release|Any CPU
	EndGlobalSection
EndGlobal
